
Microsoft Visual Studio Solution File, Format Version 12.00
# Visual Studio Version 17
VisualStudioVersion = 17.7.34202.233
MinimumVisualStudioVersion = 10.0.40219.1
Project("{FAE04EC0-301F-11D3-BF4B-00C04F79EFBC}") = "27.Remove-Element", "27.Remove-Element\27.Remove-Element.csproj", "{8E866A25-99CE-4C2B-8AF1-D34261410943}"
EndProject
Project("{FAE04EC0-301F-11D3-BF4B-00C04F79EFBC}") = "26.Remove-Duplicates-From-Sorted-Array", "26.Remove-Duplicates-From-Sorted-Array\26.Remove-Duplicates-From-Sorted-Array.csproj", "{4E7D03F1-AA15-4E75-B2A6-592358EADDE8}"
EndProject
Global
	GlobalSection(SolutionConfigurationPlatforms) = preSolution
		Debug|Any CPU = Debug|Any CPU
		Release|Any CPU = Release|Any CPU
	EndGlobalSection
	GlobalSection(ProjectConfigurationPlatforms) = postSolution
		{8E866A25-99CE-4C2B-8AF1-D34261410943}.Debug|Any CPU.ActiveCfg = Debug|Any CPU
		{8E866A25-99CE-4C2B-8AF1-D34261410943}.Debug|Any CPU.Build.0 = Debug|Any CPU
		{8E866A25-99CE-4C2B-8AF1-D34261410943}.Release|Any CPU.ActiveCfg = Release|Any CPU
		{8E866A25-99CE-4C2B-8AF1-D34261410943}.Release|Any CPU.Build.0 = Release|Any CPU
		{4E7D03F1-AA15-4E75-B2A6-592358EADDE8}.Debug|Any CPU.ActiveCfg = Debug|Any CPU
		{4E7D03F1-AA15-4E75-B2A6-592358EADDE8}.Debug|Any CPU.Build.0 = Debug|Any CPU
		{4E7D03F1-AA15-4E75-B2A6-592358EADDE8}.Release|Any CPU.ActiveCfg = Release|Any CPU
		{4E7D03F1-AA15-4E75-B2A6-592358EADDE8}.Release|Any CPU.Build.0 = Release|Any CPU
	EndGlobalSection
	GlobalSection(SolutionProperties) = preSolution
		HideSolutionNode = FALSE
	EndGlobalSection
	GlobalSection(ExtensibilityGlobals) = postSolution
		SolutionGuid = {BB876B3C-9225-492D-A9B8-5BA3C88E9C75}
	EndGlobalSection
EndGlobal
